
Microsoft Visual Studio Solution File, Format Version 12.00
# Visual Studio 15
VisualStudioVersion = 15.0.28307.1267
MinimumVisualStudioVersion = 10.0.40219.1
Project("{FAE04EC0-301F-11D3-BF4B-00C04F79EFBC}") = "08OOP", "08OOP\08OOP.csproj", "{244570E3-6C78-4A79-BE5E-0DC161F279F0}"
EndProject
Global
	GlobalSection(SolutionConfigurationPlatforms) = preSolution
		Debug|Any CPU = Debug|Any CPU
		Release|Any CPU = Release|Any CPU
	EndGlobalSection
	GlobalSection(ProjectConfigurationPlatforms) = postSolution
		{244570E3-6C78-4A79-BE5E-0DC161F279F0}.Debug|Any CPU.ActiveCfg = Debug|Any CPU
		{244570E3-6C78-4A79-BE5E-0DC161F279F0}.Debug|Any CPU.Build.0 = Debug|Any CPU
		{244570E3-6C78-4A79-BE5E-0DC161F279F0}.Release|Any CPU.ActiveCfg = Release|Any CPU
		{244570E3-6C78-4A79-BE5E-0DC161F279F0}.Release|Any CPU.Build.0 = Release|Any CPU
	EndGlobalSection
	GlobalSection(SolutionProperties) = preSolution
		HideSolutionNode = FALSE
	EndGlobalSection
	GlobalSection(ExtensibilityGlobals) = postSolution
		SolutionGuid = {52420763-BD86-4C89-BD5D-6E3CDD0A1FAE}
	EndGlobalSection
EndGlobal
