
Microsoft Visual Studio Solution File, Format Version 12.00
# Visual Studio 15
VisualStudioVersion = 15.0.28307.1267
MinimumVisualStudioVersion = 10.0.40219.1
Project("{FAE04EC0-301F-11D3-BF4B-00C04F79EFBC}") = "InheritanceOOP", "InheritanceOOP\InheritanceOOP.csproj", "{EFA52880-5C94-46EA-B09B-C3F31E872416}"
EndProject
Global
	GlobalSection(SolutionConfigurationPlatforms) = preSolution
		Debug|Any CPU = Debug|Any CPU
		Release|Any CPU = Release|Any CPU
	EndGlobalSection
	GlobalSection(ProjectConfigurationPlatforms) = postSolution
		{EFA52880-5C94-46EA-B09B-C3F31E872416}.Debug|Any CPU.ActiveCfg = Debug|Any CPU
		{EFA52880-5C94-46EA-B09B-C3F31E872416}.Debug|Any CPU.Build.0 = Debug|Any CPU
		{EFA52880-5C94-46EA-B09B-C3F31E872416}.Release|Any CPU.ActiveCfg = Release|Any CPU
		{EFA52880-5C94-46EA-B09B-C3F31E872416}.Release|Any CPU.Build.0 = Release|Any CPU
	EndGlobalSection
	GlobalSection(SolutionProperties) = preSolution
		HideSolutionNode = FALSE
	EndGlobalSection
	GlobalSection(ExtensibilityGlobals) = postSolution
		SolutionGuid = {484FAF0E-8241-4D5E-BB14-7FBDD20449A5}
	EndGlobalSection
EndGlobal
