
Microsoft Visual Studio Solution File, Format Version 12.00
# Visual Studio 15
VisualStudioVersion = 15.0.28307.1267
MinimumVisualStudioVersion = 10.0.40219.1
Project("{FAE04EC0-301F-11D3-BF4B-00C04F79EFBC}") = "LectureASCII", "LectureASCII\LectureASCII.csproj", "{C0E6EEFC-DCE8-4654-970C-076BAAB5FDB9}"
EndProject
Global
	GlobalSection(SolutionConfigurationPlatforms) = preSolution
		Debug|Any CPU = Debug|Any CPU
		Release|Any CPU = Release|Any CPU
	EndGlobalSection
	GlobalSection(ProjectConfigurationPlatforms) = postSolution
		{C0E6EEFC-DCE8-4654-970C-076BAAB5FDB9}.Debug|Any CPU.ActiveCfg = Debug|Any CPU
		{C0E6EEFC-DCE8-4654-970C-076BAAB5FDB9}.Debug|Any CPU.Build.0 = Debug|Any CPU
		{C0E6EEFC-DCE8-4654-970C-076BAAB5FDB9}.Release|Any CPU.ActiveCfg = Release|Any CPU
		{C0E6EEFC-DCE8-4654-970C-076BAAB5FDB9}.Release|Any CPU.Build.0 = Release|Any CPU
	EndGlobalSection
	GlobalSection(SolutionProperties) = preSolution
		HideSolutionNode = FALSE
	EndGlobalSection
	GlobalSection(ExtensibilityGlobals) = postSolution
		SolutionGuid = {885A6417-2DFC-45FE-A2E4-FA367B199461}
	EndGlobalSection
EndGlobal
