
Microsoft Visual Studio Solution File, Format Version 12.00
# Visual Studio 15
VisualStudioVersion = 15.0.28307.1267
MinimumVisualStudioVersion = 10.0.40219.1
Project("{FAE04EC0-301F-11D3-BF4B-00C04F79EFBC}") = "AssignmentConditionalStatements", "AssignmentConditionalStatements\AssignmentConditionalStatements.csproj", "{477E058A-8A33-45B7-9ABF-E6322BFA9702}"
EndProject
Global
	GlobalSection(SolutionConfigurationPlatforms) = preSolution
		Debug|Any CPU = Debug|Any CPU
		Release|Any CPU = Release|Any CPU
	EndGlobalSection
	GlobalSection(ProjectConfigurationPlatforms) = postSolution
		{477E058A-8A33-45B7-9ABF-E6322BFA9702}.Debug|Any CPU.ActiveCfg = Debug|Any CPU
		{477E058A-8A33-45B7-9ABF-E6322BFA9702}.Debug|Any CPU.Build.0 = Debug|Any CPU
		{477E058A-8A33-45B7-9ABF-E6322BFA9702}.Release|Any CPU.ActiveCfg = Release|Any CPU
		{477E058A-8A33-45B7-9ABF-E6322BFA9702}.Release|Any CPU.Build.0 = Release|Any CPU
	EndGlobalSection
	GlobalSection(SolutionProperties) = preSolution
		HideSolutionNode = FALSE
	EndGlobalSection
	GlobalSection(ExtensibilityGlobals) = postSolution
		SolutionGuid = {2CB6F5F0-F853-41AC-BAD5-AB8E5127B9FF}
	EndGlobalSection
EndGlobal
