
Microsoft Visual Studio Solution File, Format Version 12.00
# Visual Studio 15
VisualStudioVersion = 15.0.28307.1267
MinimumVisualStudioVersion = 10.0.40219.1
Project("{FAE04EC0-301F-11D3-BF4B-00C04F79EFBC}") = "Lecture06DoWhile", "Lecture06DoWhile\Lecture06DoWhile.csproj", "{04ECE954-84C7-47AF-BD2C-A96B8EB3F5DC}"
EndProject
Global
	GlobalSection(SolutionConfigurationPlatforms) = preSolution
		Debug|Any CPU = Debug|Any CPU
		Release|Any CPU = Release|Any CPU
	EndGlobalSection
	GlobalSection(ProjectConfigurationPlatforms) = postSolution
		{04ECE954-84C7-47AF-BD2C-A96B8EB3F5DC}.Debug|Any CPU.ActiveCfg = Debug|Any CPU
		{04ECE954-84C7-47AF-BD2C-A96B8EB3F5DC}.Debug|Any CPU.Build.0 = Debug|Any CPU
		{04ECE954-84C7-47AF-BD2C-A96B8EB3F5DC}.Release|Any CPU.ActiveCfg = Release|Any CPU
		{04ECE954-84C7-47AF-BD2C-A96B8EB3F5DC}.Release|Any CPU.Build.0 = Release|Any CPU
	EndGlobalSection
	GlobalSection(SolutionProperties) = preSolution
		HideSolutionNode = FALSE
	EndGlobalSection
	GlobalSection(ExtensibilityGlobals) = postSolution
		SolutionGuid = {A282709C-2500-4CA3-AD81-B906F56356E9}
	EndGlobalSection
EndGlobal
