
Microsoft Visual Studio Solution File, Format Version 12.00
# Visual Studio 15
VisualStudioVersion = 15.0.28307.1267
MinimumVisualStudioVersion = 10.0.40219.1
Project("{FAE04EC0-301F-11D3-BF4B-00C04F79EFBC}") = "Signup", "Signup\Signup.csproj", "{AAE8782C-F346-448D-B1CF-0B7EFAA8998B}"
EndProject
Global
	GlobalSection(SolutionConfigurationPlatforms) = preSolution
		Debug|Any CPU = Debug|Any CPU
		Release|Any CPU = Release|Any CPU
	EndGlobalSection
	GlobalSection(ProjectConfigurationPlatforms) = postSolution
		{AAE8782C-F346-448D-B1CF-0B7EFAA8998B}.Debug|Any CPU.ActiveCfg = Debug|Any CPU
		{AAE8782C-F346-448D-B1CF-0B7EFAA8998B}.Debug|Any CPU.Build.0 = Debug|Any CPU
		{AAE8782C-F346-448D-B1CF-0B7EFAA8998B}.Release|Any CPU.ActiveCfg = Release|Any CPU
		{AAE8782C-F346-448D-B1CF-0B7EFAA8998B}.Release|Any CPU.Build.0 = Release|Any CPU
	EndGlobalSection
	GlobalSection(SolutionProperties) = preSolution
		HideSolutionNode = FALSE
	EndGlobalSection
	GlobalSection(ExtensibilityGlobals) = postSolution
		SolutionGuid = {498A92C4-01DD-425B-9C3C-5E4636440608}
	EndGlobalSection
EndGlobal
